// !$*UTF8*$!
{
	archiveVersion = 1;
	classes = {
	};
	objectVersion = 55;
	objects = {

/* Begin PBXBuildFile section */
		04128C8728915B7C00224FAD /* AppDelegate.swift in Sources */ = {isa = PBXBuildFile; fileRef = 04128C8628915B7C00224FAD /* AppDelegate.swift */; };
		04128C8928915B7C00224FAD /* SceneDelegate.swift in Sources */ = {isa = PBXBuildFile; fileRef = 04128C8828915B7C00224FAD /* SceneDelegate.swift */; };
		04128C9128915B7C00224FAD /* MLife.xcdatamodeld in Sources */ = {isa = PBXBuildFile; fileRef = 04128C8F28915B7C00224FAD /* MLife.xcdatamodeld */; };
		04128C9328915B7D00224FAD /* Assets.xcassets in Resources */ = {isa = PBXBuildFile; fileRef = 04128C9228915B7D00224FAD /* Assets.xcassets */; };
		04128C9628915B7D00224FAD /* LaunchScreen.storyboard in Resources */ = {isa = PBXBuildFile; fileRef = 04128C9428915B7D00224FAD /* LaunchScreen.storyboard */; };
		04128CA328915BDF00224FAD /* TabBarViewController.swift in Sources */ = {isa = PBXBuildFile; fileRef = 04128CA228915BDF00224FAD /* TabBarViewController.swift */; };
		042CA5F0289D3BA600564B7E /* CustomCompositionalLayout.swift in Sources */ = {isa = PBXBuildFile; fileRef = 042CA5EF289D3BA600564B7E /* CustomCompositionalLayout.swift */; };
		0487F3DA289440F2000E86DE /* AuthManager.swift in Sources */ = {isa = PBXBuildFile; fileRef = 0487F3D9289440F2000E86DE /* AuthManager.swift */; };
		048FB4DD2892D2060064D883 /* HomeViewController.swift in Sources */ = {isa = PBXBuildFile; fileRef = 048FB4DC2892D2060064D883 /* HomeViewController.swift */; };
		048FB4DF2892D2130064D883 /* SearchViewController.swift in Sources */ = {isa = PBXBuildFile; fileRef = 048FB4DE2892D2130064D883 /* SearchViewController.swift */; };
		048FB4E12892D3CF0064D883 /* ProfileViewController.swift in Sources */ = {isa = PBXBuildFile; fileRef = 048FB4E02892D3CF0064D883 /* ProfileViewController.swift */; };
		048FB4E32892E5A60064D883 /* LoginViewController.swift in Sources */ = {isa = PBXBuildFile; fileRef = 048FB4E22892E5A60064D883 /* LoginViewController.swift */; };
		048FB4E62892EACB0064D883 /* Utilities.swift in Sources */ = {isa = PBXBuildFile; fileRef = 048FB4E52892EACB0064D883 /* Utilities.swift */; };
		048FB4E92892F8CE0064D883 /* CustomTextField.swift in Sources */ = {isa = PBXBuildFile; fileRef = 048FB4E82892F8CE0064D883 /* CustomTextField.swift */; };
		04A85D5A2895AA9C00E3EA29 /* GoogleService-Info.plist in Resources */ = {isa = PBXBuildFile; fileRef = 04A85D592895AA9C00E3EA29 /* GoogleService-Info.plist */; };
		04A85D5C2895B9E600E3EA29 /* RegistrationViewController.swift in Sources */ = {isa = PBXBuildFile; fileRef = 04A85D5B2895B9E600E3EA29 /* RegistrationViewController.swift */; };
		04A85D5F2895D02B00E3EA29 /* DatabaseManager.swift in Sources */ = {isa = PBXBuildFile; fileRef = 04A85D5E2895D02B00E3EA29 /* DatabaseManager.swift */; };
		04A85D612895E5F700E3EA29 /* CustomNotification.swift in Sources */ = {isa = PBXBuildFile; fileRef = 04A85D602895E5F700E3EA29 /* CustomNotification.swift */; };
		04B9818E28A11AD4006EDA84 /* TopicResponse.swift in Sources */ = {isa = PBXBuildFile; fileRef = 04B9818D28A11AD4006EDA84 /* TopicResponse.swift */; };
		04B9819028A11B6F006EDA84 /* Category.swift in Sources */ = {isa = PBXBuildFile; fileRef = 04B9818F28A11B6F006EDA84 /* Category.swift */; };
		04B9819228A128AD006EDA84 /* TopicCollectionViewCell.swift in Sources */ = {isa = PBXBuildFile; fileRef = 04B9819128A128AD006EDA84 /* TopicCollectionViewCell.swift */; };
		04B9819428A15C57006EDA84 /* AlbumCollectionViewCell.swift in Sources */ = {isa = PBXBuildFile; fileRef = 04B9819328A15C57006EDA84 /* AlbumCollectionViewCell.swift */; };
		04B9819628A1785F006EDA84 /* PlayListResponse.swift in Sources */ = {isa = PBXBuildFile; fileRef = 04B9819528A1785F006EDA84 /* PlayListResponse.swift */; };
		04B9819828A17B51006EDA84 /* PlayListCollectionViewCell.swift in Sources */ = {isa = PBXBuildFile; fileRef = 04B9819728A17B51006EDA84 /* PlayListCollectionViewCell.swift */; };
		04B9819B28A18629006EDA84 /* HeaderCollectionReusableView.swift in Sources */ = {isa = PBXBuildFile; fileRef = 04B9819A28A18629006EDA84 /* HeaderCollectionReusableView.swift */; };
		04D1CE4428A0111C00622A93 /* TrendingResponse.swift in Sources */ = {isa = PBXBuildFile; fileRef = 04D1CE4328A0111C00622A93 /* TrendingResponse.swift */; };
		04D79733289E67450004D050 /* APIClient.swift in Sources */ = {isa = PBXBuildFile; fileRef = 04D79732289E67450004D050 /* APIClient.swift */; };
		04D79735289E6BAE0004D050 /* HTTPMethod.swift in Sources */ = {isa = PBXBuildFile; fileRef = 04D79734289E6BAE0004D050 /* HTTPMethod.swift */; };
		04D79737289E6E3E0004D050 /* AlbumResponse.swift in Sources */ = {isa = PBXBuildFile; fileRef = 04D79736289E6E3E0004D050 /* AlbumResponse.swift */; };
		04D79739289E6FBE0004D050 /* Song.swift in Sources */ = {isa = PBXBuildFile; fileRef = 04D79738289E6FBE0004D050 /* Song.swift */; };
		04D79C6D28A24EB30087522A /* MostLikeSongCollectionViewCell.swift in Sources */ = {isa = PBXBuildFile; fileRef = 04D79C6C28A24EB30087522A /* MostLikeSongCollectionViewCell.swift */; };
		04D79C6F28A28B650087522A /* SettingViewController.swift in Sources */ = {isa = PBXBuildFile; fileRef = 04D79C6E28A28B650087522A /* SettingViewController.swift */; };
		04DCBF6D289EDCC900EB790B /* BannerCollectionView.swift in Sources */ = {isa = PBXBuildFile; fileRef = 04DCBF6C289EDCC900EB790B /* BannerCollectionView.swift */; };
		04DCBF74289F055A00EB790B /* BannerCollectionViewCell.swift in Sources */ = {isa = PBXBuildFile; fileRef = 04DCBF73289F055A00EB790B /* BannerCollectionViewCell.swift */; };
		80D0148A49DC127FD26CDA15 /* Pods_MLife.framework in Frameworks */ = {isa = PBXBuildFile; fileRef = 1A90BE211B4BB129064B91D0 /* Pods_MLife.framework */; };
/* End PBXBuildFile section */

/* Begin PBXFileReference section */
		04128C8328915B7C00224FAD /* MLife.app */ = {isa = PBXFileReference; explicitFileType = wrapper.application; includeInIndex = 0; path = MLife.app; sourceTree = BUILT_PRODUCTS_DIR; };
		04128C8628915B7C00224FAD /* AppDelegate.swift */ = {isa = PBXFileReference; lastKnownFileType = sourcecode.swift; path = AppDelegate.swift; sourceTree = "<group>"; };
		04128C8828915B7C00224FAD /* SceneDelegate.swift */ = {isa = PBXFileReference; lastKnownFileType = sourcecode.swift; path = SceneDelegate.swift; sourceTree = "<group>"; };
		04128C9028915B7C00224FAD /* MLife.xcdatamodel */ = {isa = PBXFileReference; lastKnownFileType = wrapper.xcdatamodel; path = MLife.xcdatamodel; sourceTree = "<group>"; };
		04128C9228915B7D00224FAD /* Assets.xcassets */ = {isa = PBXFileReference; lastKnownFileType = folder.assetcatalog; path = Assets.xcassets; sourceTree = "<group>"; };
		04128C9528915B7D00224FAD /* Base */ = {isa = PBXFileReference; lastKnownFileType = file.storyboard; name = Base; path = Base.lproj/LaunchScreen.storyboard; sourceTree = "<group>"; };
		04128C9728915B7D00224FAD /* Info.plist */ = {isa = PBXFileReference; lastKnownFileType = text.plist.xml; path = Info.plist; sourceTree = "<group>"; };
		04128CA228915BDF00224FAD /* TabBarViewController.swift */ = {isa = PBXFileReference; lastKnownFileType = sourcecode.swift; path = TabBarViewController.swift; sourceTree = "<group>"; };
		042CA5EF289D3BA600564B7E /* CustomCompositionalLayout.swift */ = {isa = PBXFileReference; lastKnownFileType = sourcecode.swift; path = CustomCompositionalLayout.swift; sourceTree = "<group>"; };
		0487F3D9289440F2000E86DE /* AuthManager.swift */ = {isa = PBXFileReference; lastKnownFileType = sourcecode.swift; path = AuthManager.swift; sourceTree = "<group>"; };
		048FB4DC2892D2060064D883 /* HomeViewController.swift */ = {isa = PBXFileReference; lastKnownFileType = sourcecode.swift; path = HomeViewController.swift; sourceTree = "<group>"; };
		048FB4DE2892D2130064D883 /* SearchViewController.swift */ = {isa = PBXFileReference; lastKnownFileType = sourcecode.swift; path = SearchViewController.swift; sourceTree = "<group>"; };
		048FB4E02892D3CF0064D883 /* ProfileViewController.swift */ = {isa = PBXFileReference; lastKnownFileType = sourcecode.swift; path = ProfileViewController.swift; sourceTree = "<group>"; };
		048FB4E22892E5A60064D883 /* LoginViewController.swift */ = {isa = PBXFileReference; lastKnownFileType = sourcecode.swift; path = LoginViewController.swift; sourceTree = "<group>"; };
		048FB4E52892EACB0064D883 /* Utilities.swift */ = {isa = PBXFileReference; lastKnownFileType = sourcecode.swift; path = Utilities.swift; sourceTree = "<group>"; };
		048FB4E82892F8CE0064D883 /* CustomTextField.swift */ = {isa = PBXFileReference; lastKnownFileType = sourcecode.swift; path = CustomTextField.swift; sourceTree = "<group>"; };
		04A85D592895AA9C00E3EA29 /* GoogleService-Info.plist */ = {isa = PBXFileReference; fileEncoding = 4; lastKnownFileType = text.plist.xml; path = "GoogleService-Info.plist"; sourceTree = "<group>"; };
		04A85D5B2895B9E600E3EA29 /* RegistrationViewController.swift */ = {isa = PBXFileReference; lastKnownFileType = sourcecode.swift; path = RegistrationViewController.swift; sourceTree = "<group>"; };
		04A85D5E2895D02B00E3EA29 /* DatabaseManager.swift */ = {isa = PBXFileReference; lastKnownFileType = sourcecode.swift; path = DatabaseManager.swift; sourceTree = "<group>"; };
		04A85D602895E5F700E3EA29 /* CustomNotification.swift */ = {isa = PBXFileReference; lastKnownFileType = sourcecode.swift; path = CustomNotification.swift; sourceTree = "<group>"; };
		04B9818D28A11AD4006EDA84 /* TopicResponse.swift */ = {isa = PBXFileReference; lastKnownFileType = sourcecode.swift; path = TopicResponse.swift; sourceTree = "<group>"; };
		04B9818F28A11B6F006EDA84 /* Category.swift */ = {isa = PBXFileReference; lastKnownFileType = sourcecode.swift; path = Category.swift; sourceTree = "<group>"; };
		04B9819128A128AD006EDA84 /* TopicCollectionViewCell.swift */ = {isa = PBXFileReference; lastKnownFileType = sourcecode.swift; path = TopicCollectionViewCell.swift; sourceTree = "<group>"; };
		04B9819328A15C57006EDA84 /* AlbumCollectionViewCell.swift */ = {isa = PBXFileReference; lastKnownFileType = sourcecode.swift; path = AlbumCollectionViewCell.swift; sourceTree = "<group>"; };
		04B9819528A1785F006EDA84 /* PlayListResponse.swift */ = {isa = PBXFileReference; lastKnownFileType = sourcecode.swift; path = PlayListResponse.swift; sourceTree = "<group>"; };
		04B9819728A17B51006EDA84 /* PlayListCollectionViewCell.swift */ = {isa = PBXFileReference; lastKnownFileType = sourcecode.swift; path = PlayListCollectionViewCell.swift; sourceTree = "<group>"; };
		04B9819A28A18629006EDA84 /* HeaderCollectionReusableView.swift */ = {isa = PBXFileReference; lastKnownFileType = sourcecode.swift; path = HeaderCollectionReusableView.swift; sourceTree = "<group>"; };
		04D1CE4328A0111C00622A93 /* TrendingResponse.swift */ = {isa = PBXFileReference; lastKnownFileType = sourcecode.swift; path = TrendingResponse.swift; sourceTree = "<group>"; };
		04D79732289E67450004D050 /* APIClient.swift */ = {isa = PBXFileReference; lastKnownFileType = sourcecode.swift; path = APIClient.swift; sourceTree = "<group>"; };
		04D79734289E6BAE0004D050 /* HTTPMethod.swift */ = {isa = PBXFileReference; lastKnownFileType = sourcecode.swift; path = HTTPMethod.swift; sourceTree = "<group>"; };
		04D79736289E6E3E0004D050 /* AlbumResponse.swift */ = {isa = PBXFileReference; lastKnownFileType = sourcecode.swift; path = AlbumResponse.swift; sourceTree = "<group>"; };
		04D79738289E6FBE0004D050 /* Song.swift */ = {isa = PBXFileReference; lastKnownFileType = sourcecode.swift; path = Song.swift; sourceTree = "<group>"; };
		04D79C6C28A24EB30087522A /* MostLikeSongCollectionViewCell.swift */ = {isa = PBXFileReference; lastKnownFileType = sourcecode.swift; path = MostLikeSongCollectionViewCell.swift; sourceTree = "<group>"; };
		04D79C6E28A28B650087522A /* SettingViewController.swift */ = {isa = PBXFileReference; lastKnownFileType = sourcecode.swift; path = SettingViewController.swift; sourceTree = "<group>"; };
		04DCBF6C289EDCC900EB790B /* BannerCollectionView.swift */ = {isa = PBXFileReference; lastKnownFileType = sourcecode.swift; path = BannerCollectionView.swift; sourceTree = "<group>"; };
		04DCBF73289F055A00EB790B /* BannerCollectionViewCell.swift */ = {isa = PBXFileReference; lastKnownFileType = sourcecode.swift; path = BannerCollectionViewCell.swift; sourceTree = "<group>"; };
		1A90BE211B4BB129064B91D0 /* Pods_MLife.framework */ = {isa = PBXFileReference; explicitFileType = wrapper.framework; includeInIndex = 0; path = Pods_MLife.framework; sourceTree = BUILT_PRODUCTS_DIR; };
		770A4F5DD0B2C80A17B27CC1 /* Pods-MLife.release.xcconfig */ = {isa = PBXFileReference; includeInIndex = 1; lastKnownFileType = text.xcconfig; name = "Pods-MLife.release.xcconfig"; path = "Target Support Files/Pods-MLife/Pods-MLife.release.xcconfig"; sourceTree = "<group>"; };
		D8C2B94D3FA91CB0797C0F29 /* Pods-MLife.debug.xcconfig */ = {isa = PBXFileReference; includeInIndex = 1; lastKnownFileType = text.xcconfig; name = "Pods-MLife.debug.xcconfig"; path = "Target Support Files/Pods-MLife/Pods-MLife.debug.xcconfig"; sourceTree = "<group>"; };
/* End PBXFileReference section */

/* Begin PBXFrameworksBuildPhase section */
		04128C8028915B7C00224FAD /* Frameworks */ = {
			isa = PBXFrameworksBuildPhase;
			buildActionMask = 2147483647;
			files = (
				80D0148A49DC127FD26CDA15 /* Pods_MLife.framework in Frameworks */,
			);
			runOnlyForDeploymentPostprocessing = 0;
		};
/* End PBXFrameworksBuildPhase section */

/* Begin PBXGroup section */
		04128C7A28915B7C00224FAD = {
			isa = PBXGroup;
			children = (
				04128C8528915B7C00224FAD /* MLife */,
				04128C8428915B7C00224FAD /* Products */,
				D082FABF544197668AB0313C /* Pods */,
				AB85EDE193C3AF29574CE955 /* Frameworks */,
			);
			sourceTree = "<group>";
		};
		04128C8428915B7C00224FAD /* Products */ = {
			isa = PBXGroup;
			children = (
				04128C8328915B7C00224FAD /* MLife.app */,
			);
			name = Products;
			sourceTree = "<group>";
		};
		04128C8528915B7C00224FAD /* MLife */ = {
			isa = PBXGroup;
			children = (
				04128CAB28915D7900224FAD /* Services */,
				04128CA028915B9300224FAD /* Controllers */,
				04128C9E28915B8800224FAD /* Views */,
				04128C9D28915B8200224FAD /* Models */,
				048FB4E72892F8AC0064D883 /* Customs */,
				048FB4E42892EABA0064D883 /* Utilities */,
				04128CA128915B9E00224FAD /* Sources */,
				04128C9228915B7D00224FAD /* Assets.xcassets */,
				04128C9428915B7D00224FAD /* LaunchScreen.storyboard */,
				04128C8F28915B7C00224FAD /* MLife.xcdatamodeld */,
				04128C9728915B7D00224FAD /* Info.plist */,
			);
			path = MLife;
			sourceTree = "<group>";
		};
		04128C9D28915B8200224FAD /* Models */ = {
			isa = PBXGroup;
			children = (
				04D79736289E6E3E0004D050 /* AlbumResponse.swift */,
				04D79738289E6FBE0004D050 /* Song.swift */,
				04D1CE4328A0111C00622A93 /* TrendingResponse.swift */,
				04B9818D28A11AD4006EDA84 /* TopicResponse.swift */,
				04B9818F28A11B6F006EDA84 /* Category.swift */,
				04B9819528A1785F006EDA84 /* PlayListResponse.swift */,
			);
			path = Models;
			sourceTree = "<group>";
		};
		04128C9E28915B8800224FAD /* Views */ = {
			isa = PBXGroup;
			children = (
				04B9819928A185DE006EDA84 /* Reusables */,
				04DCBF72289F051800EB790B /* Cells */,
			);
			path = Views;
			sourceTree = "<group>";
		};
		04128CA028915B9300224FAD /* Controllers */ = {
			isa = PBXGroup;
			children = (
				04128CA428915CB500224FAD /* TabBar */,
				04128CA528915CC700224FAD /* Auth */,
				04128CA628915CD400224FAD /* Core */,
				04128CA928915D0200224FAD /* Player */,
				04128CA828915CF900224FAD /* Search */,
				04128CA728915CF300224FAD /* Other */,
			);
			path = Controllers;
			sourceTree = "<group>";
		};
		04128CA128915B9E00224FAD /* Sources */ = {
			isa = PBXGroup;
			children = (
				04128C8628915B7C00224FAD /* AppDelegate.swift */,
				04128C8828915B7C00224FAD /* SceneDelegate.swift */,
				04A85D592895AA9C00E3EA29 /* GoogleService-Info.plist */,
			);
			path = Sources;
			sourceTree = "<group>";
		};
		04128CA428915CB500224FAD /* TabBar */ = {
			isa = PBXGroup;
			children = (
				04128CA228915BDF00224FAD /* TabBarViewController.swift */,
			);
			path = TabBar;
			sourceTree = "<group>";
		};
		04128CA528915CC700224FAD /* Auth */ = {
			isa = PBXGroup;
			children = (
				048FB4E22892E5A60064D883 /* LoginViewController.swift */,
				04A85D5B2895B9E600E3EA29 /* RegistrationViewController.swift */,
			);
			path = Auth;
			sourceTree = "<group>";
		};
		04128CA628915CD400224FAD /* Core */ = {
			isa = PBXGroup;
			children = (
				048FB4DC2892D2060064D883 /* HomeViewController.swift */,
				048FB4DE2892D2130064D883 /* SearchViewController.swift */,
				048FB4E02892D3CF0064D883 /* ProfileViewController.swift */,
			);
			path = Core;
			sourceTree = "<group>";
		};
		04128CA728915CF300224FAD /* Other */ = {
			isa = PBXGroup;
			children = (
				04D79C6E28A28B650087522A /* SettingViewController.swift */,
			);
			path = Other;
			sourceTree = "<group>";
		};
		04128CA828915CF900224FAD /* Search */ = {
			isa = PBXGroup;
			children = (
			);
			path = Search;
			sourceTree = "<group>";
		};
		04128CA928915D0200224FAD /* Player */ = {
			isa = PBXGroup;
			children = (
			);
			path = Player;
			sourceTree = "<group>";
		};
		04128CAB28915D7900224FAD /* Services */ = {
			isa = PBXGroup;
			children = (
				0487F3D9289440F2000E86DE /* AuthManager.swift */,
				04A85D5E2895D02B00E3EA29 /* DatabaseManager.swift */,
				04D79732289E67450004D050 /* APIClient.swift */,
				04D79734289E6BAE0004D050 /* HTTPMethod.swift */,
			);
			path = Services;
			sourceTree = "<group>";
		};
		048FB4E42892EABA0064D883 /* Utilities */ = {
			isa = PBXGroup;
			children = (
				048FB4E52892EACB0064D883 /* Utilities.swift */,
			);
			path = Utilities;
			sourceTree = "<group>";
		};
		048FB4E72892F8AC0064D883 /* Customs */ = {
			isa = PBXGroup;
			children = (
				048FB4E82892F8CE0064D883 /* CustomTextField.swift */,
				04A85D602895E5F700E3EA29 /* CustomNotification.swift */,
				042CA5EF289D3BA600564B7E /* CustomCompositionalLayout.swift */,
			);
			path = Customs;
			sourceTree = "<group>";
		};
		04B9819928A185DE006EDA84 /* Reusables */ = {
			isa = PBXGroup;
			children = (
				04DCBF6C289EDCC900EB790B /* BannerCollectionView.swift */,
				04B9819A28A18629006EDA84 /* HeaderCollectionReusableView.swift */,
			);
			path = Reusables;
			sourceTree = "<group>";
		};
		04DCBF72289F051800EB790B /* Cells */ = {
			isa = PBXGroup;
			children = (
				04DCBF73289F055A00EB790B /* BannerCollectionViewCell.swift */,
				04B9819128A128AD006EDA84 /* TopicCollectionViewCell.swift */,
				04B9819328A15C57006EDA84 /* AlbumCollectionViewCell.swift */,
				04B9819728A17B51006EDA84 /* PlayListCollectionViewCell.swift */,
				04D79C6C28A24EB30087522A /* MostLikeSongCollectionViewCell.swift */,
			);
			path = Cells;
			sourceTree = "<group>";
		};
		AB85EDE193C3AF29574CE955 /* Frameworks */ = {
			isa = PBXGroup;
			children = (
				1A90BE211B4BB129064B91D0 /* Pods_MLife.framework */,
			);
			name = Frameworks;
			sourceTree = "<group>";
		};
		D082FABF544197668AB0313C /* Pods */ = {
			isa = PBXGroup;
			children = (
				D8C2B94D3FA91CB0797C0F29 /* Pods-MLife.debug.xcconfig */,
				770A4F5DD0B2C80A17B27CC1 /* Pods-MLife.release.xcconfig */,
			);
			path = Pods;
			sourceTree = "<group>";
		};
/* End PBXGroup section */

/* Begin PBXNativeTarget section */
		04128C8228915B7C00224FAD /* MLife */ = {
			isa = PBXNativeTarget;
			buildConfigurationList = 04128C9A28915B7D00224FAD /* Build configuration list for PBXNativeTarget "MLife" */;
			buildPhases = (
				1E20B07ED4253EB1DD4C835D /* [CP] Check Pods Manifest.lock */,
				04128C7F28915B7C00224FAD /* Sources */,
				04128C8028915B7C00224FAD /* Frameworks */,
				04128C8128915B7C00224FAD /* Resources */,
				FD57A1C828C9A7B5DAE48111 /* [CP] Embed Pods Frameworks */,
			);
			buildRules = (
			);
			dependencies = (
			);
			name = MLife;
			productName = MLife;
			productReference = 04128C8328915B7C00224FAD /* MLife.app */;
			productType = "com.apple.product-type.application";
		};
/* End PBXNativeTarget section */

/* Begin PBXProject section */
		04128C7B28915B7C00224FAD /* Project object */ = {
			isa = PBXProject;
			attributes = {
				BuildIndependentTargetsInParallel = 1;
				LastSwiftUpdateCheck = 1340;
				LastUpgradeCheck = 1340;
				TargetAttributes = {
					04128C8228915B7C00224FAD = {
						CreatedOnToolsVersion = 13.4.1;
					};
				};
			};
			buildConfigurationList = 04128C7E28915B7C00224FAD /* Build configuration list for PBXProject "MLife" */;
			compatibilityVersion = "Xcode 13.0";
			developmentRegion = en;
			hasScannedForEncodings = 0;
			knownRegions = (
				en,
				Base,
			);
			mainGroup = 04128C7A28915B7C00224FAD;
			productRefGroup = 04128C8428915B7C00224FAD /* Products */;
			projectDirPath = "";
			projectRoot = "";
			targets = (
				04128C8228915B7C00224FAD /* MLife */,
			);
		};
/* End PBXProject section */

/* Begin PBXResourcesBuildPhase section */
		04128C8128915B7C00224FAD /* Resources */ = {
			isa = PBXResourcesBuildPhase;
			buildActionMask = 2147483647;
			files = (
				04128C9628915B7D00224FAD /* LaunchScreen.storyboard in Resources */,
				04128C9328915B7D00224FAD /* Assets.xcassets in Resources */,
				04A85D5A2895AA9C00E3EA29 /* GoogleService-Info.plist in Resources */,
			);
			runOnlyForDeploymentPostprocessing = 0;
		};
/* End PBXResourcesBuildPhase section */

/* Begin PBXShellScriptBuildPhase section */
		1E20B07ED4253EB1DD4C835D /* [CP] Check Pods Manifest.lock */ = {
			isa = PBXShellScriptBuildPhase;
			buildActionMask = 2147483647;
			files = (
			);
			inputFileListPaths = (
			);
			inputPaths = (
				"${PODS_PODFILE_DIR_PATH}/Podfile.lock",
				"${PODS_ROOT}/Manifest.lock",
			);
			name = "[CP] Check Pods Manifest.lock";
			outputFileListPaths = (
			);
			outputPaths = (
				"$(DERIVED_FILE_DIR)/Pods-MLife-checkManifestLockResult.txt",
			);
			runOnlyForDeploymentPostprocessing = 0;
			shellPath = /bin/sh;
			shellScript = "diff \"${PODS_PODFILE_DIR_PATH}/Podfile.lock\" \"${PODS_ROOT}/Manifest.lock\" > /dev/null\nif [ $? != 0 ] ; then\n    # print error to STDERR\n    echo \"error: The sandbox is not in sync with the Podfile.lock. Run 'pod install' or update your CocoaPods installation.\" >&2\n    exit 1\nfi\n# This output is used by Xcode 'outputs' to avoid re-running this script phase.\necho \"SUCCESS\" > \"${SCRIPT_OUTPUT_FILE_0}\"\n";
			showEnvVarsInLog = 0;
		};
		FD57A1C828C9A7B5DAE48111 /* [CP] Embed Pods Frameworks */ = {
			isa = PBXShellScriptBuildPhase;
			buildActionMask = 2147483647;
			files = (
			);
			inputFileListPaths = (
				"${PODS_ROOT}/Target Support Files/Pods-MLife/Pods-MLife-frameworks-${CONFIGURATION}-input-files.xcfilelist",
			);
			name = "[CP] Embed Pods Frameworks";
			outputFileListPaths = (
				"${PODS_ROOT}/Target Support Files/Pods-MLife/Pods-MLife-frameworks-${CONFIGURATION}-output-files.xcfilelist",
			);
			runOnlyForDeploymentPostprocessing = 0;
			shellPath = /bin/sh;
			shellScript = "\"${PODS_ROOT}/Target Support Files/Pods-MLife/Pods-MLife-frameworks.sh\"\n";
			showEnvVarsInLog = 0;
		};
/* End PBXShellScriptBuildPhase section */

/* Begin PBXSourcesBuildPhase section */
		04128C7F28915B7C00224FAD /* Sources */ = {
			isa = PBXSourcesBuildPhase;
			buildActionMask = 2147483647;
			files = (
				042CA5F0289D3BA600564B7E /* CustomCompositionalLayout.swift in Sources */,
				04A85D612895E5F700E3EA29 /* CustomNotification.swift in Sources */,
				04DCBF6D289EDCC900EB790B /* BannerCollectionView.swift in Sources */,
				04DCBF74289F055A00EB790B /* BannerCollectionViewCell.swift in Sources */,
				04B9819828A17B51006EDA84 /* PlayListCollectionViewCell.swift in Sources */,
				048FB4DF2892D2130064D883 /* SearchViewController.swift in Sources */,
				04D79733289E67450004D050 /* APIClient.swift in Sources */,
				048FB4DD2892D2060064D883 /* HomeViewController.swift in Sources */,
				04D1CE4428A0111C00622A93 /* TrendingResponse.swift in Sources */,
				04128CA328915BDF00224FAD /* TabBarViewController.swift in Sources */,
				04D79737289E6E3E0004D050 /* AlbumResponse.swift in Sources */,
				04128C8728915B7C00224FAD /* AppDelegate.swift in Sources */,
				04B9819628A1785F006EDA84 /* PlayListResponse.swift in Sources */,
				04A85D5C2895B9E600E3EA29 /* RegistrationViewController.swift in Sources */,
				048FB4E92892F8CE0064D883 /* CustomTextField.swift in Sources */,
				04A85D5F2895D02B00E3EA29 /* DatabaseManager.swift in Sources */,
				04B9819428A15C57006EDA84 /* AlbumCollectionViewCell.swift in Sources */,
				04B9819228A128AD006EDA84 /* TopicCollectionViewCell.swift in Sources */,
				04B9818E28A11AD4006EDA84 /* TopicResponse.swift in Sources */,
				04B9819B28A18629006EDA84 /* HeaderCollectionReusableView.swift in Sources */,
				048FB4E32892E5A60064D883 /* LoginViewController.swift in Sources */,
				048FB4E12892D3CF0064D883 /* ProfileViewController.swift in Sources */,
				04D79735289E6BAE0004D050 /* HTTPMethod.swift in Sources */,
				04D79739289E6FBE0004D050 /* Song.swift in Sources */,
				048FB4E62892EACB0064D883 /* Utilities.swift in Sources */,
				04D79C6D28A24EB30087522A /* MostLikeSongCollectionViewCell.swift in Sources */,
				04D79C6F28A28B650087522A /* SettingViewController.swift in Sources */,
				0487F3DA289440F2000E86DE /* AuthManager.swift in Sources */,
				04128C8928915B7C00224FAD /* SceneDelegate.swift in Sources */,
				04128C9128915B7C00224FAD /* MLife.xcdatamodeld in Sources */,
				04B9819028A11B6F006EDA84 /* Category.swift in Sources */,
			);
			runOnlyForDeploymentPostprocessing = 0;
		};
/* End PBXSourcesBuildPhase section */

/* Begin PBXVariantGroup section */
		04128C9428915B7D00224FAD /* LaunchScreen.storyboard */ = {
			isa = PBXVariantGroup;
			children = (
				04128C9528915B7D00224FAD /* Base */,
			);
			name = LaunchScreen.storyboard;
			sourceTree = "<group>";
		};
/* End PBXVariantGroup section */

/* Begin XCBuildConfiguration section */
		04128C9828915B7D00224FAD /* Debug */ = {
			isa = XCBuildConfiguration;
			buildSettings = {
				ALWAYS_SEARCH_USER_PATHS = NO;
				CLANG_ANALYZER_NONNULL = YES;
				CLANG_ANALYZER_NUMBER_OBJECT_CONVERSION = YES_AGGRESSIVE;
				CLANG_CXX_LANGUAGE_STANDARD = "gnu++17";
				CLANG_ENABLE_MODULES = YES;
				CLANG_ENABLE_OBJC_ARC = YES;
				CLANG_ENABLE_OBJC_WEAK = YES;
				CLANG_WARN_BLOCK_CAPTURE_AUTORELEASING = YES;
				CLANG_WARN_BOOL_CONVERSION = YES;
				CLANG_WARN_COMMA = YES;
				CLANG_WARN_CONSTANT_CONVERSION = YES;
				CLANG_WARN_DEPRECATED_OBJC_IMPLEMENTATIONS = YES;
				CLANG_WARN_DIRECT_OBJC_ISA_USAGE = YES_ERROR;
				CLANG_WARN_DOCUMENTATION_COMMENTS = YES;
				CLANG_WARN_EMPTY_BODY = YES;
				CLANG_WARN_ENUM_CONVERSION = YES;
				CLANG_WARN_INFINITE_RECURSION = YES;
				CLANG_WARN_INT_CONVERSION = YES;
				CLANG_WARN_NON_LITERAL_NULL_CONVERSION = YES;
				CLANG_WARN_OBJC_IMPLICIT_RETAIN_SELF = YES;
				CLANG_WARN_OBJC_LITERAL_CONVERSION = YES;
				CLANG_WARN_OBJC_ROOT_CLASS = YES_ERROR;
				CLANG_WARN_QUOTED_INCLUDE_IN_FRAMEWORK_HEADER = YES;
				CLANG_WARN_RANGE_LOOP_ANALYSIS = YES;
				CLANG_WARN_STRICT_PROTOTYPES = YES;
				CLANG_WARN_SUSPICIOUS_MOVE = YES;
				CLANG_WARN_UNGUARDED_AVAILABILITY = YES_AGGRESSIVE;
				CLANG_WARN_UNREACHABLE_CODE = YES;
				CLANG_WARN__DUPLICATE_METHOD_MATCH = YES;
				COPY_PHASE_STRIP = NO;
				DEBUG_INFORMATION_FORMAT = dwarf;
				ENABLE_STRICT_OBJC_MSGSEND = YES;
				ENABLE_TESTABILITY = YES;
				GCC_C_LANGUAGE_STANDARD = gnu11;
				GCC_DYNAMIC_NO_PIC = NO;
				GCC_NO_COMMON_BLOCKS = YES;
				GCC_OPTIMIZATION_LEVEL = 0;
				GCC_PREPROCESSOR_DEFINITIONS = (
					"DEBUG=1",
					"$(inherited)",
				);
				GCC_WARN_64_TO_32_BIT_CONVERSION = YES;
				GCC_WARN_ABOUT_RETURN_TYPE = YES_ERROR;
				GCC_WARN_UNDECLARED_SELECTOR = YES;
				GCC_WARN_UNINITIALIZED_AUTOS = YES_AGGRESSIVE;
				GCC_WARN_UNUSED_FUNCTION = YES;
				GCC_WARN_UNUSED_VARIABLE = YES;
				IPHONEOS_DEPLOYMENT_TARGET = 15.5;
				MTL_ENABLE_DEBUG_INFO = INCLUDE_SOURCE;
				MTL_FAST_MATH = YES;
				ONLY_ACTIVE_ARCH = YES;
				SDKROOT = iphoneos;
				SWIFT_ACTIVE_COMPILATION_CONDITIONS = DEBUG;
				SWIFT_OPTIMIZATION_LEVEL = "-Onone";
			};
			name = Debug;
		};
		04128C9928915B7D00224FAD /* Release */ = {
			isa = XCBuildConfiguration;
			buildSettings = {
				ALWAYS_SEARCH_USER_PATHS = NO;
				CLANG_ANALYZER_NONNULL = YES;
				CLANG_ANALYZER_NUMBER_OBJECT_CONVERSION = YES_AGGRESSIVE;
				CLANG_CXX_LANGUAGE_STANDARD = "gnu++17";
				CLANG_ENABLE_MODULES = YES;
				CLANG_ENABLE_OBJC_ARC = YES;
				CLANG_ENABLE_OBJC_WEAK = YES;
				CLANG_WARN_BLOCK_CAPTURE_AUTORELEASING = YES;
				CLANG_WARN_BOOL_CONVERSION = YES;
				CLANG_WARN_COMMA = YES;
				CLANG_WARN_CONSTANT_CONVERSION = YES;
				CLANG_WARN_DEPRECATED_OBJC_IMPLEMENTATIONS = YES;
				CLANG_WARN_DIRECT_OBJC_ISA_USAGE = YES_ERROR;
				CLANG_WARN_DOCUMENTATION_COMMENTS = YES;
				CLANG_WARN_EMPTY_BODY = YES;
				CLANG_WARN_ENUM_CONVERSION = YES;
				CLANG_WARN_INFINITE_RECURSION = YES;
				CLANG_WARN_INT_CONVERSION = YES;
				CLANG_WARN_NON_LITERAL_NULL_CONVERSION = YES;
				CLANG_WARN_OBJC_IMPLICIT_RETAIN_SELF = YES;
				CLANG_WARN_OBJC_LITERAL_CONVERSION = YES;
				CLANG_WARN_OBJC_ROOT_CLASS = YES_ERROR;
				CLANG_WARN_QUOTED_INCLUDE_IN_FRAMEWORK_HEADER = YES;
				CLANG_WARN_RANGE_LOOP_ANALYSIS = YES;
				CLANG_WARN_STRICT_PROTOTYPES = YES;
				CLANG_WARN_SUSPICIOUS_MOVE = YES;
				CLANG_WARN_UNGUARDED_AVAILABILITY = YES_AGGRESSIVE;
				CLANG_WARN_UNREACHABLE_CODE = YES;
				CLANG_WARN__DUPLICATE_METHOD_MATCH = YES;
				COPY_PHASE_STRIP = NO;
				DEBUG_INFORMATION_FORMAT = "dwarf-with-dsym";
				ENABLE_NS_ASSERTIONS = NO;
				ENABLE_STRICT_OBJC_MSGSEND = YES;
				GCC_C_LANGUAGE_STANDARD = gnu11;
				GCC_NO_COMMON_BLOCKS = YES;
				GCC_WARN_64_TO_32_BIT_CONVERSION = YES;
				GCC_WARN_ABOUT_RETURN_TYPE = YES_ERROR;
				GCC_WARN_UNDECLARED_SELECTOR = YES;
				GCC_WARN_UNINITIALIZED_AUTOS = YES_AGGRESSIVE;
				GCC_WARN_UNUSED_FUNCTION = YES;
				GCC_WARN_UNUSED_VARIABLE = YES;
				IPHONEOS_DEPLOYMENT_TARGET = 15.5;
				MTL_ENABLE_DEBUG_INFO = NO;
				MTL_FAST_MATH = YES;
				SDKROOT = iphoneos;
				SWIFT_COMPILATION_MODE = wholemodule;
				SWIFT_OPTIMIZATION_LEVEL = "-O";
				VALIDATE_PRODUCT = YES;
			};
			name = Release;
		};
		04128C9B28915B7D00224FAD /* Debug */ = {
			isa = XCBuildConfiguration;
			baseConfigurationReference = D8C2B94D3FA91CB0797C0F29 /* Pods-MLife.debug.xcconfig */;
			buildSettings = {
				ASSETCATALOG_COMPILER_APPICON_NAME = AppIcon;
				ASSETCATALOG_COMPILER_GLOBAL_ACCENT_COLOR_NAME = AccentColor;
				CODE_SIGN_STYLE = Automatic;
				CURRENT_PROJECT_VERSION = 1;
				DEVELOPMENT_TEAM = 6CUTD2AXT5;
				GENERATE_INFOPLIST_FILE = YES;
				INFOPLIST_FILE = MLife/Info.plist;
				INFOPLIST_KEY_UIApplicationSupportsIndirectInputEvents = YES;
				INFOPLIST_KEY_UILaunchStoryboardName = LaunchScreen;
				INFOPLIST_KEY_UIMainStoryboardFile = "";
				INFOPLIST_KEY_UISupportedInterfaceOrientations_iPad = "UIInterfaceOrientationPortrait UIInterfaceOrientationPortraitUpsideDown UIInterfaceOrientationLandscapeLeft UIInterfaceOrientationLandscapeRight";
				INFOPLIST_KEY_UISupportedInterfaceOrientations_iPhone = "UIInterfaceOrientationPortrait UIInterfaceOrientationLandscapeLeft UIInterfaceOrientationLandscapeRight";
				LD_RUNPATH_SEARCH_PATHS = (
					"$(inherited)",
					"@executable_path/Frameworks",
				);
				MARKETING_VERSION = 1.0;
				PRODUCT_BUNDLE_IDENTIFIER = com.HuuToan.MLife;
				PRODUCT_NAME = "$(TARGET_NAME)";
				SWIFT_EMIT_LOC_STRINGS = YES;
				SWIFT_VERSION = 5.0;
				TARGETED_DEVICE_FAMILY = "1,2";
			};
			name = Debug;
		};
		04128C9C28915B7D00224FAD /* Release */ = {
			isa = XCBuildConfiguration;
			baseConfigurationReference = 770A4F5DD0B2C80A17B27CC1 /* Pods-MLife.release.xcconfig */;
			buildSettings = {
				ASSETCATALOG_COMPILER_APPICON_NAME = AppIcon;
				ASSETCATALOG_COMPILER_GLOBAL_ACCENT_COLOR_NAME = AccentColor;
				CODE_SIGN_STYLE = Automatic;
				CURRENT_PROJECT_VERSION = 1;
				DEVELOPMENT_TEAM = 6CUTD2AXT5;
				GENERATE_INFOPLIST_FILE = YES;
				INFOPLIST_FILE = MLife/Info.plist;
				INFOPLIST_KEY_UIApplicationSupportsIndirectInputEvents = YES;
				INFOPLIST_KEY_UILaunchStoryboardName = LaunchScreen;
				INFOPLIST_KEY_UIMainStoryboardFile = "";
				INFOPLIST_KEY_UISupportedInterfaceOrientations_iPad = "UIInterfaceOrientationPortrait UIInterfaceOrientationPortraitUpsideDown UIInterfaceOrientationLandscapeLeft UIInterfaceOrientationLandscapeRight";
				INFOPLIST_KEY_UISupportedInterfaceOrientations_iPhone = "UIInterfaceOrientationPortrait UIInterfaceOrientationLandscapeLeft UIInterfaceOrientationLandscapeRight";
				LD_RUNPATH_SEARCH_PATHS = (
					"$(inherited)",
					"@executable_path/Frameworks",
				);
				MARKETING_VERSION = 1.0;
				PRODUCT_BUNDLE_IDENTIFIER = com.HuuToan.MLife;
				PRODUCT_NAME = "$(TARGET_NAME)";
				SWIFT_EMIT_LOC_STRINGS = YES;
				SWIFT_VERSION = 5.0;
				TARGETED_DEVICE_FAMILY = "1,2";
			};
			name = Release;
		};
/* End XCBuildConfiguration section */

/* Begin XCConfigurationList section */
		04128C7E28915B7C00224FAD /* Build configuration list for PBXProject "MLife" */ = {
			isa = XCConfigurationList;
			buildConfigurations = (
				04128C9828915B7D00224FAD /* Debug */,
				04128C9928915B7D00224FAD /* Release */,
			);
			defaultConfigurationIsVisible = 0;
			defaultConfigurationName = Release;
		};
		04128C9A28915B7D00224FAD /* Build configuration list for PBXNativeTarget "MLife" */ = {
			isa = XCConfigurationList;
			buildConfigurations = (
				04128C9B28915B7D00224FAD /* Debug */,
				04128C9C28915B7D00224FAD /* Release */,
			);
			defaultConfigurationIsVisible = 0;
			defaultConfigurationName = Release;
		};
/* End XCConfigurationList section */

/* Begin XCVersionGroup section */
		04128C8F28915B7C00224FAD /* MLife.xcdatamodeld */ = {
			isa = XCVersionGroup;
			children = (
				04128C9028915B7C00224FAD /* MLife.xcdatamodel */,
			);
			currentVersion = 04128C9028915B7C00224FAD /* MLife.xcdatamodel */;
			path = MLife.xcdatamodeld;
			sourceTree = "<group>";
			versionGroupType = wrapper.xcdatamodel;
		};
/* End XCVersionGroup section */
	};
	rootObject = 04128C7B28915B7C00224FAD /* Project object */;
}
